<?xml version="1.0" encoding="UTF-8" standalone="yes" ?>
<CodeBlocks_project_file>
	<FileVersion major="1" minor="6" />
	<Project>
		<Option title="Arvore_RubroNegro_teste" />
		<Option pch_mode="2" />
		<Option compiler="gcc" />
		<Build>
			<Target title="Debug">
				<Option output="bin/Debug/Arvore_RubroNegro_teste" prefix_auto="1" extension_auto="1" />
				<Option object_output="obj/Debug/" />
				<Option type="1" />
				<Option compiler="gcc" />
				<Compiler>
					<Add option="-g" />
				</Compiler>
			</Target>
			<Target title="Release">
				<Option output="bin/Release/Arvore_RubroNegro_teste" prefix_auto="1" extension_auto="1" />
				<Option object_output="obj/Release/" />
				<Option type="1" />
				<Option compiler="gcc" />
				<Compiler>
					<Add option="-O2" />
				</Compiler>
				<Linker>
					<Add option="-s" />
				</Linker>
			</Target>
		</Build>
		<Compiler>
			<Add option="-Wall" />
		</Compiler>
		<Unit filename="Arvore_RB/Arvore_RB.h" />
		<Unit filename="Arvore_RB/Operacoes/CriarDescritor.h" />
		<Unit filename="Arvore_RB/Operacoes/ImprimeArvore.h" />
		<Unit filename="Arvore_RB/Operacoes/Insert.h" />
		<Unit filename="Arvore_RB/Operacoes/ProcuraNoh.h" />
		<Unit filename="Arvore_RB/Operacoes/Rotacoes.h" />
		<Unit filename="Arvore_RB/Operacoes/StructArvore.h" />
		<Unit filename="Arvore_RB/utils.h" />
		<Unit filename="main.c">
			<Option compilerVar="CC" />
		</Unit>
		<Extensions>
			<lib_finder disable_auto="1" />
		</Extensions>
	</Project>
</CodeBlocks_project_file>
